
Microsoft Visual Studio Solution File, Format Version 12.00
# Visual Studio Version 17
VisualStudioVersion = 17.5.33424.131
MinimumVisualStudioVersion = 10.0.40219.1
Project("{FAE04EC0-301F-11D3-BF4B-00C04F79EFBC}") = "oop1", "oop1\oop1.csproj", "{8C947E93-4F9D-4956-8AE1-DA58F4AB478C}"
EndProject
Global
	GlobalSection(SolutionConfigurationPlatforms) = preSolution
		Debug|Any CPU = Debug|Any CPU
		Release|Any CPU = Release|Any CPU
	EndGlobalSection
	GlobalSection(ProjectConfigurationPlatforms) = postSolution
		{8C947E93-4F9D-4956-8AE1-DA58F4AB478C}.Debug|Any CPU.ActiveCfg = Debug|Any CPU
		{8C947E93-4F9D-4956-8AE1-DA58F4AB478C}.Debug|Any CPU.Build.0 = Debug|Any CPU
		{8C947E93-4F9D-4956-8AE1-DA58F4AB478C}.Release|Any CPU.ActiveCfg = Release|Any CPU
		{8C947E93-4F9D-4956-8AE1-DA58F4AB478C}.Release|Any CPU.Build.0 = Release|Any CPU
	EndGlobalSection
	GlobalSection(SolutionProperties) = preSolution
		HideSolutionNode = FALSE
	EndGlobalSection
	GlobalSection(ExtensibilityGlobals) = postSolution
		SolutionGuid = {1C6C5725-8734-4907-AB34-C7E7D86C72C5}
	EndGlobalSection
EndGlobal
